
Microsoft Visual Studio Solution File, Format Version 12.00
# Visual Studio Version 17
VisualStudioVersion = 17.0.31903.59
MinimumVisualStudioVersion = 10.0.40219.1
Project("{FAE04EC0-301F-11D3-BF4B-00C04F79EFBC}") = "front_end_game", "front_end_game\front_end_game.csproj", "{54F2CED3-5172-4D1C-AE54-D21FAACE552C}"
EndProject
Global
	GlobalSection(SolutionConfigurationPlatforms) = preSolution
		Debug|Any CPU = Debug|Any CPU
		Release|Any CPU = Release|Any CPU
	EndGlobalSection
	GlobalSection(SolutionProperties) = preSolution
		HideSolutionNode = FALSE
	EndGlobalSection
	GlobalSection(ProjectConfigurationPlatforms) = postSolution
		{54F2CED3-5172-4D1C-AE54-D21FAACE552C}.Debug|Any CPU.ActiveCfg = Debug|Any CPU
		{54F2CED3-5172-4D1C-AE54-D21FAACE552C}.Debug|Any CPU.Build.0 = Debug|Any CPU
		{54F2CED3-5172-4D1C-AE54-D21FAACE552C}.Release|Any CPU.ActiveCfg = Release|Any CPU
		{54F2CED3-5172-4D1C-AE54-D21FAACE552C}.Release|Any CPU.Build.0 = Release|Any CPU
	EndGlobalSection
EndGlobal
